// !$*UTF8*$!
{
	archiveVersion = 1;
	classes = {
	};
	objectVersion = 56;
	objects = {

/* Begin PBXBuildFile section */
		E93BFEA128F5E12A00CA39BB /* Font.swift in Sources */ = {isa = PBXBuildFile; fileRef = E93BFEA028F5E12A00CA39BB /* Font.swift */; };
		E93BFEFF28F5E6E500CA39BB /* Commissioner-Bold.ttf in Resources */ = {isa = PBXBuildFile; fileRef = E93BFEFD28F5E6E500CA39BB /* Commissioner-Bold.ttf */; };
		E93BFF0028F5E6E500CA39BB /* Commissioner-Regular.ttf in Resources */ = {isa = PBXBuildFile; fileRef = E93BFEFE28F5E6E500CA39BB /* Commissioner-Regular.ttf */; };
		E954D8EA2905A814009B81BF /* Search.swift in Sources */ = {isa = PBXBuildFile; fileRef = E954D8E92905A814009B81BF /* Search.swift */; };
		E954D8ED2905A863009B81BF /* Token.swift in Sources */ = {isa = PBXBuildFile; fileRef = E954D8EC2905A863009B81BF /* Token.swift */; };
		E954D8EF2905A897009B81BF /* WhirlpoolPosition.swift in Sources */ = {isa = PBXBuildFile; fileRef = E954D8EE2905A897009B81BF /* WhirlpoolPosition.swift */; };
		E9762FAA28F47409003EC6A5 /* OrcanautApp.swift in Sources */ = {isa = PBXBuildFile; fileRef = E9762FA928F47409003EC6A5 /* OrcanautApp.swift */; };
		E9762FAC28F47409003EC6A5 /* ContentView.swift in Sources */ = {isa = PBXBuildFile; fileRef = E9762FAB28F47409003EC6A5 /* ContentView.swift */; };
		E9762FAE28F4740A003EC6A5 /* Assets.xcassets in Resources */ = {isa = PBXBuildFile; fileRef = E9762FAD28F4740A003EC6A5 /* Assets.xcassets */; };
		E9762FB228F4740A003EC6A5 /* Preview Assets.xcassets in Resources */ = {isa = PBXBuildFile; fileRef = E9762FB128F4740A003EC6A5 /* Preview Assets.xcassets */; };
		E9762FBC28F4740A003EC6A5 /* OrcanautTests.swift in Sources */ = {isa = PBXBuildFile; fileRef = E9762FBB28F4740A003EC6A5 /* OrcanautTests.swift */; };
		E9762FC628F4740A003EC6A5 /* OrcanautUITests.swift in Sources */ = {isa = PBXBuildFile; fileRef = E9762FC528F4740A003EC6A5 /* OrcanautUITests.swift */; };
		E9762FC828F4740A003EC6A5 /* OrcanautUITestsLaunchTests.swift in Sources */ = {isa = PBXBuildFile; fileRef = E9762FC728F4740A003EC6A5 /* OrcanautUITestsLaunchTests.swift */; };
		E9762FDA28F47B0B003EC6A5 /* Color.swift in Sources */ = {isa = PBXBuildFile; fileRef = E9762FD928F47B0B003EC6A5 /* Color.swift */; };
		E9762FDC28F48B47003EC6A5 /* OceanWave.swift in Sources */ = {isa = PBXBuildFile; fileRef = E9762FDB28F48B47003EC6A5 /* OceanWave.swift */; };
/* End PBXBuildFile section */

/* Begin PBXContainerItemProxy section */
		E9762FB828F4740A003EC6A5 /* PBXContainerItemProxy */ = {
			isa = PBXContainerItemProxy;
			containerPortal = E9762F9E28F47409003EC6A5 /* Project object */;
			proxyType = 1;
			remoteGlobalIDString = E9762FA528F47409003EC6A5;
			remoteInfo = Orcanaut;
		};
		E9762FC228F4740A003EC6A5 /* PBXContainerItemProxy */ = {
			isa = PBXContainerItemProxy;
			containerPortal = E9762F9E28F47409003EC6A5 /* Project object */;
			proxyType = 1;
			remoteGlobalIDString = E9762FA528F47409003EC6A5;
			remoteInfo = Orcanaut;
		};
/* End PBXContainerItemProxy section */

/* Begin PBXFileReference section */
		E93BFEA028F5E12A00CA39BB /* Font.swift */ = {isa = PBXFileReference; lastKnownFileType = sourcecode.swift; path = Font.swift; sourceTree = "<group>"; };
		E93BFEFD28F5E6E500CA39BB /* Commissioner-Bold.ttf */ = {isa = PBXFileReference; lastKnownFileType = file; path = "Commissioner-Bold.ttf"; sourceTree = "<group>"; };
		E93BFEFE28F5E6E500CA39BB /* Commissioner-Regular.ttf */ = {isa = PBXFileReference; lastKnownFileType = file; path = "Commissioner-Regular.ttf"; sourceTree = "<group>"; };
		E93BFF0128F5E97800CA39BB /* Info.plist */ = {isa = PBXFileReference; lastKnownFileType = text.plist; path = Info.plist; sourceTree = "<group>"; };
		E954D8E92905A814009B81BF /* Search.swift */ = {isa = PBXFileReference; lastKnownFileType = sourcecode.swift; path = Search.swift; sourceTree = "<group>"; };
		E954D8EC2905A863009B81BF /* Token.swift */ = {isa = PBXFileReference; lastKnownFileType = sourcecode.swift; path = Token.swift; sourceTree = "<group>"; };
		E954D8EE2905A897009B81BF /* WhirlpoolPosition.swift */ = {isa = PBXFileReference; lastKnownFileType = sourcecode.swift; path = WhirlpoolPosition.swift; sourceTree = "<group>"; };
		E9762FA628F47409003EC6A5 /* Orcanaut.app */ = {isa = PBXFileReference; explicitFileType = wrapper.application; includeInIndex = 0; path = Orcanaut.app; sourceTree = BUILT_PRODUCTS_DIR; };
		E9762FA928F47409003EC6A5 /* OrcanautApp.swift */ = {isa = PBXFileReference; lastKnownFileType = sourcecode.swift; path = OrcanautApp.swift; sourceTree = "<group>"; };
		E9762FAB28F47409003EC6A5 /* ContentView.swift */ = {isa = PBXFileReference; lastKnownFileType = sourcecode.swift; path = ContentView.swift; sourceTree = "<group>"; };
		E9762FAD28F4740A003EC6A5 /* Assets.xcassets */ = {isa = PBXFileReference; lastKnownFileType = folder.assetcatalog; path = Assets.xcassets; sourceTree = "<group>"; };
		E9762FAF28F4740A003EC6A5 /* Orcanaut.entitlements */ = {isa = PBXFileReference; lastKnownFileType = text.plist.entitlements; path = Orcanaut.entitlements; sourceTree = "<group>"; };
		E9762FB128F4740A003EC6A5 /* Preview Assets.xcassets */ = {isa = PBXFileReference; lastKnownFileType = folder.assetcatalog; path = "Preview Assets.xcassets"; sourceTree = "<group>"; };
		E9762FB728F4740A003EC6A5 /* OrcanautTests.xctest */ = {isa = PBXFileReference; explicitFileType = wrapper.cfbundle; includeInIndex = 0; path = OrcanautTests.xctest; sourceTree = BUILT_PRODUCTS_DIR; };
		E9762FBB28F4740A003EC6A5 /* OrcanautTests.swift */ = {isa = PBXFileReference; lastKnownFileType = sourcecode.swift; path = OrcanautTests.swift; sourceTree = "<group>"; };
		E9762FC128F4740A003EC6A5 /* OrcanautUITests.xctest */ = {isa = PBXFileReference; explicitFileType = wrapper.cfbundle; includeInIndex = 0; path = OrcanautUITests.xctest; sourceTree = BUILT_PRODUCTS_DIR; };
		E9762FC528F4740A003EC6A5 /* OrcanautUITests.swift */ = {isa = PBXFileReference; lastKnownFileType = sourcecode.swift; path = OrcanautUITests.swift; sourceTree = "<group>"; };
		E9762FC728F4740A003EC6A5 /* OrcanautUITestsLaunchTests.swift */ = {isa = PBXFileReference; lastKnownFileType = sourcecode.swift; path = OrcanautUITestsLaunchTests.swift; sourceTree = "<group>"; };
		E9762FD928F47B0B003EC6A5 /* Color.swift */ = {isa = PBXFileReference; lastKnownFileType = sourcecode.swift; path = Color.swift; sourceTree = "<group>"; };
		E9762FDB28F48B47003EC6A5 /* OceanWave.swift */ = {isa = PBXFileReference; lastKnownFileType = sourcecode.swift; path = OceanWave.swift; sourceTree = "<group>"; };
/* End PBXFileReference section */

/* Begin PBXFrameworksBuildPhase section */
		E9762FA328F47409003EC6A5 /* Frameworks */ = {
			isa = PBXFrameworksBuildPhase;
			buildActionMask = 2147483647;
			files = (
			);
			runOnlyForDeploymentPostprocessing = 0;
		};
		E9762FB428F4740A003EC6A5 /* Frameworks */ = {
			isa = PBXFrameworksBuildPhase;
			buildActionMask = 2147483647;
			files = (
			);
			runOnlyForDeploymentPostprocessing = 0;
		};
		E9762FBE28F4740A003EC6A5 /* Frameworks */ = {
			isa = PBXFrameworksBuildPhase;
			buildActionMask = 2147483647;
			files = (
			);
			runOnlyForDeploymentPostprocessing = 0;
		};
/* End PBXFrameworksBuildPhase section */

/* Begin PBXGroup section */
		E93BFEA228F5E1FE00CA39BB /* Fonts */ = {
			isa = PBXGroup;
			children = (
				E93BFEFD28F5E6E500CA39BB /* Commissioner-Bold.ttf */,
				E93BFEFE28F5E6E500CA39BB /* Commissioner-Regular.ttf */,
			);
			path = Fonts;
			sourceTree = "<group>";
		};
		E954D8EB2905A84D009B81BF /* DataObjects */ = {
			isa = PBXGroup;
			children = (
				E954D8EC2905A863009B81BF /* Token.swift */,
				E954D8EE2905A897009B81BF /* WhirlpoolPosition.swift */,
			);
			path = DataObjects;
			sourceTree = "<group>";
		};
		E9762F9D28F47409003EC6A5 = {
			isa = PBXGroup;
			children = (
				E9762FA828F47409003EC6A5 /* Orcanaut */,
				E9762FBA28F4740A003EC6A5 /* OrcanautTests */,
				E9762FC428F4740A003EC6A5 /* OrcanautUITests */,
				E9762FA728F47409003EC6A5 /* Products */,
			);
			sourceTree = "<group>";
		};
		E9762FA728F47409003EC6A5 /* Products */ = {
			isa = PBXGroup;
			children = (
				E9762FA628F47409003EC6A5 /* Orcanaut.app */,
				E9762FB728F4740A003EC6A5 /* OrcanautTests.xctest */,
				E9762FC128F4740A003EC6A5 /* OrcanautUITests.xctest */,
			);
			name = Products;
			sourceTree = "<group>";
		};
		E9762FA828F47409003EC6A5 /* Orcanaut */ = {
			isa = PBXGroup;
			children = (
				E954D8EB2905A84D009B81BF /* DataObjects */,
				E9762FD828F47AF5003EC6A5 /* Extensions */,
				E93BFEA228F5E1FE00CA39BB /* Fonts */,
				E9762FB028F4740A003EC6A5 /* Preview Content */,
				E9762FAB28F47409003EC6A5 /* ContentView.swift */,
				E954D8E92905A814009B81BF /* Search.swift */,
				E9762FA928F47409003EC6A5 /* OrcanautApp.swift */,
				E9762FDB28F48B47003EC6A5 /* OceanWave.swift */,
				E9762FAF28F4740A003EC6A5 /* Orcanaut.entitlements */,
				E93BFF0128F5E97800CA39BB /* Info.plist */,
				E9762FAD28F4740A003EC6A5 /* Assets.xcassets */,
			);
			path = Orcanaut;
			sourceTree = "<group>";
		};
		E9762FB028F4740A003EC6A5 /* Preview Content */ = {
			isa = PBXGroup;
			children = (
				E9762FB128F4740A003EC6A5 /* Preview Assets.xcassets */,
			);
			path = "Preview Content";
			sourceTree = "<group>";
		};
		E9762FBA28F4740A003EC6A5 /* OrcanautTests */ = {
			isa = PBXGroup;
			children = (
				E9762FBB28F4740A003EC6A5 /* OrcanautTests.swift */,
			);
			path = OrcanautTests;
			sourceTree = "<group>";
		};
		E9762FC428F4740A003EC6A5 /* OrcanautUITests */ = {
			isa = PBXGroup;
			children = (
				E9762FC528F4740A003EC6A5 /* OrcanautUITests.swift */,
				E9762FC728F4740A003EC6A5 /* OrcanautUITestsLaunchTests.swift */,
			);
			path = OrcanautUITests;
			sourceTree = "<group>";
		};
		E9762FD828F47AF5003EC6A5 /* Extensions */ = {
			isa = PBXGroup;
			children = (
				E9762FD928F47B0B003EC6A5 /* Color.swift */,
				E93BFEA028F5E12A00CA39BB /* Font.swift */,
			);
			path = Extensions;
			sourceTree = "<group>";
		};
/* End PBXGroup section */

/* Begin PBXNativeTarget section */
		E9762FA528F47409003EC6A5 /* Orcanaut */ = {
			isa = PBXNativeTarget;
			buildConfigurationList = E9762FCB28F4740A003EC6A5 /* Build configuration list for PBXNativeTarget "Orcanaut" */;
			buildPhases = (
				E9762FA228F47409003EC6A5 /* Sources */,
				E9762FA328F47409003EC6A5 /* Frameworks */,
				E9762FA428F47409003EC6A5 /* Resources */,
			);
			buildRules = (
			);
			dependencies = (
			);
			name = Orcanaut;
			productName = Orcanaut;
			productReference = E9762FA628F47409003EC6A5 /* Orcanaut.app */;
			productType = "com.apple.product-type.application";
		};
		E9762FB628F4740A003EC6A5 /* OrcanautTests */ = {
			isa = PBXNativeTarget;
			buildConfigurationList = E9762FCE28F4740A003EC6A5 /* Build configuration list for PBXNativeTarget "OrcanautTests" */;
			buildPhases = (
				E9762FB328F4740A003EC6A5 /* Sources */,
				E9762FB428F4740A003EC6A5 /* Frameworks */,
				E9762FB528F4740A003EC6A5 /* Resources */,
			);
			buildRules = (
			);
			dependencies = (
				E9762FB928F4740A003EC6A5 /* PBXTargetDependency */,
			);
			name = OrcanautTests;
			productName = OrcanautTests;
			productReference = E9762FB728F4740A003EC6A5 /* OrcanautTests.xctest */;
			productType = "com.apple.product-type.bundle.unit-test";
		};
		E9762FC028F4740A003EC6A5 /* OrcanautUITests */ = {
			isa = PBXNativeTarget;
			buildConfigurationList = E9762FD128F4740A003EC6A5 /* Build configuration list for PBXNativeTarget "OrcanautUITests" */;
			buildPhases = (
				E9762FBD28F4740A003EC6A5 /* Sources */,
				E9762FBE28F4740A003EC6A5 /* Frameworks */,
				E9762FBF28F4740A003EC6A5 /* Resources */,
			);
			buildRules = (
			);
			dependencies = (
				E9762FC328F4740A003EC6A5 /* PBXTargetDependency */,
			);
			name = OrcanautUITests;
			productName = OrcanautUITests;
			productReference = E9762FC128F4740A003EC6A5 /* OrcanautUITests.xctest */;
			productType = "com.apple.product-type.bundle.ui-testing";
		};
/* End PBXNativeTarget section */

/* Begin PBXProject section */
		E9762F9E28F47409003EC6A5 /* Project object */ = {
			isa = PBXProject;
			attributes = {
				BuildIndependentTargetsInParallel = 1;
				LastSwiftUpdateCheck = 1400;
				LastUpgradeCheck = 1400;
				TargetAttributes = {
					E9762FA528F47409003EC6A5 = {
						CreatedOnToolsVersion = 14.0.1;
					};
					E9762FB628F4740A003EC6A5 = {
						CreatedOnToolsVersion = 14.0.1;
						TestTargetID = E9762FA528F47409003EC6A5;
					};
					E9762FC028F4740A003EC6A5 = {
						CreatedOnToolsVersion = 14.0.1;
						TestTargetID = E9762FA528F47409003EC6A5;
					};
				};
			};
			buildConfigurationList = E9762FA128F47409003EC6A5 /* Build configuration list for PBXProject "Orcanaut" */;
			compatibilityVersion = "Xcode 14.0";
			developmentRegion = en;
			hasScannedForEncodings = 0;
			knownRegions = (
				en,
				Base,
			);
			mainGroup = E9762F9D28F47409003EC6A5;
			productRefGroup = E9762FA728F47409003EC6A5 /* Products */;
			projectDirPath = "";
			projectRoot = "";
			targets = (
				E9762FA528F47409003EC6A5 /* Orcanaut */,
				E9762FB628F4740A003EC6A5 /* OrcanautTests */,
				E9762FC028F4740A003EC6A5 /* OrcanautUITests */,
			);
		};
/* End PBXProject section */

/* Begin PBXResourcesBuildPhase section */
		E9762FA428F47409003EC6A5 /* Resources */ = {
			isa = PBXResourcesBuildPhase;
			buildActionMask = 2147483647;
			files = (
				E93BFEFF28F5E6E500CA39BB /* Commissioner-Bold.ttf in Resources */,
				E9762FB228F4740A003EC6A5 /* Preview Assets.xcassets in Resources */,
				E9762FAE28F4740A003EC6A5 /* Assets.xcassets in Resources */,
				E93BFF0028F5E6E500CA39BB /* Commissioner-Regular.ttf in Resources */,
			);
			runOnlyForDeploymentPostprocessing = 0;
		};
		E9762FB528F4740A003EC6A5 /* Resources */ = {
			isa = PBXResourcesBuildPhase;
			buildActionMask = 2147483647;
			files = (
			);
			runOnlyForDeploymentPostprocessing = 0;
		};
		E9762FBF28F4740A003EC6A5 /* Resources */ = {
			isa = PBXResourcesBuildPhase;
			buildActionMask = 2147483647;
			files = (
			);
			runOnlyForDeploymentPostprocessing = 0;
		};
/* End PBXResourcesBuildPhase section */

/* Begin PBXSourcesBuildPhase section */
		E9762FA228F47409003EC6A5 /* Sources */ = {
			isa = PBXSourcesBuildPhase;
			buildActionMask = 2147483647;
			files = (
				E9762FAC28F47409003EC6A5 /* ContentView.swift in Sources */,
				E9762FAA28F47409003EC6A5 /* OrcanautApp.swift in Sources */,
				E954D8ED2905A863009B81BF /* Token.swift in Sources */,
				E93BFEA128F5E12A00CA39BB /* Font.swift in Sources */,
				E954D8EA2905A814009B81BF /* Search.swift in Sources */,
				E9762FDA28F47B0B003EC6A5 /* Color.swift in Sources */,
				E9762FDC28F48B47003EC6A5 /* OceanWave.swift in Sources */,
				E954D8EF2905A897009B81BF /* WhirlpoolPosition.swift in Sources */,
			);
			runOnlyForDeploymentPostprocessing = 0;
		};
		E9762FB328F4740A003EC6A5 /* Sources */ = {
			isa = PBXSourcesBuildPhase;
			buildActionMask = 2147483647;
			files = (
				E9762FBC28F4740A003EC6A5 /* OrcanautTests.swift in Sources */,
			);
			runOnlyForDeploymentPostprocessing = 0;
		};
		E9762FBD28F4740A003EC6A5 /* Sources */ = {
			isa = PBXSourcesBuildPhase;
			buildActionMask = 2147483647;
			files = (
				E9762FC828F4740A003EC6A5 /* OrcanautUITestsLaunchTests.swift in Sources */,
				E9762FC628F4740A003EC6A5 /* OrcanautUITests.swift in Sources */,
			);
			runOnlyForDeploymentPostprocessing = 0;
		};
/* End PBXSourcesBuildPhase section */

/* Begin PBXTargetDependency section */
		E9762FB928F4740A003EC6A5 /* PBXTargetDependency */ = {
			isa = PBXTargetDependency;
			target = E9762FA528F47409003EC6A5 /* Orcanaut */;
			targetProxy = E9762FB828F4740A003EC6A5 /* PBXContainerItemProxy */;
		};
		E9762FC328F4740A003EC6A5 /* PBXTargetDependency */ = {
			isa = PBXTargetDependency;
			target = E9762FA528F47409003EC6A5 /* Orcanaut */;
			targetProxy = E9762FC228F4740A003EC6A5 /* PBXContainerItemProxy */;
		};
/* End PBXTargetDependency section */

/* Begin XCBuildConfiguration section */
		E9762FC928F4740A003EC6A5 /* Debug */ = {
			isa = XCBuildConfiguration;
			buildSettings = {
				ALWAYS_SEARCH_USER_PATHS = NO;
				CLANG_ANALYZER_NONNULL = YES;
				CLANG_ANALYZER_NUMBER_OBJECT_CONVERSION = YES_AGGRESSIVE;
				CLANG_CXX_LANGUAGE_STANDARD = "gnu++20";
				CLANG_ENABLE_MODULES = YES;
				CLANG_ENABLE_OBJC_ARC = YES;
				CLANG_ENABLE_OBJC_WEAK = YES;
				CLANG_WARN_BLOCK_CAPTURE_AUTORELEASING = YES;
				CLANG_WARN_BOOL_CONVERSION = YES;
				CLANG_WARN_COMMA = YES;
				CLANG_WARN_CONSTANT_CONVERSION = YES;
				CLANG_WARN_DEPRECATED_OBJC_IMPLEMENTATIONS = YES;
				CLANG_WARN_DIRECT_OBJC_ISA_USAGE = YES_ERROR;
				CLANG_WARN_DOCUMENTATION_COMMENTS = YES;
				CLANG_WARN_EMPTY_BODY = YES;
				CLANG_WARN_ENUM_CONVERSION = YES;
				CLANG_WARN_INFINITE_RECURSION = YES;
				CLANG_WARN_INT_CONVERSION = YES;
				CLANG_WARN_NON_LITERAL_NULL_CONVERSION = YES;
				CLANG_WARN_OBJC_IMPLICIT_RETAIN_SELF = YES;
				CLANG_WARN_OBJC_LITERAL_CONVERSION = YES;
				CLANG_WARN_OBJC_ROOT_CLASS = YES_ERROR;
				CLANG_WARN_QUOTED_INCLUDE_IN_FRAMEWORK_HEADER = YES;
				CLANG_WARN_RANGE_LOOP_ANALYSIS = YES;
				CLANG_WARN_STRICT_PROTOTYPES = YES;
				CLANG_WARN_SUSPICIOUS_MOVE = YES;
				CLANG_WARN_UNGUARDED_AVAILABILITY = YES_AGGRESSIVE;
				CLANG_WARN_UNREACHABLE_CODE = YES;
				CLANG_WARN__DUPLICATE_METHOD_MATCH = YES;
				COPY_PHASE_STRIP = NO;
				DEBUG_INFORMATION_FORMAT = dwarf;
				ENABLE_STRICT_OBJC_MSGSEND = YES;
				ENABLE_TESTABILITY = YES;
				GCC_C_LANGUAGE_STANDARD = gnu11;
				GCC_DYNAMIC_NO_PIC = NO;
				GCC_NO_COMMON_BLOCKS = YES;
				GCC_OPTIMIZATION_LEVEL = 0;
				GCC_PREPROCESSOR_DEFINITIONS = (
					"DEBUG=1",
					"$(inherited)",
				);
				GCC_WARN_64_TO_32_BIT_CONVERSION = YES;
				GCC_WARN_ABOUT_RETURN_TYPE = YES_ERROR;
				GCC_WARN_UNDECLARED_SELECTOR = YES;
				GCC_WARN_UNINITIALIZED_AUTOS = YES_AGGRESSIVE;
				GCC_WARN_UNUSED_FUNCTION = YES;
				GCC_WARN_UNUSED_VARIABLE = YES;
				MTL_ENABLE_DEBUG_INFO = INCLUDE_SOURCE;
				MTL_FAST_MATH = YES;
				ONLY_ACTIVE_ARCH = YES;
				SWIFT_ACTIVE_COMPILATION_CONDITIONS = DEBUG;
				SWIFT_OPTIMIZATION_LEVEL = "-Onone";
			};
			name = Debug;
		};
		E9762FCA28F4740A003EC6A5 /* Release */ = {
			isa = XCBuildConfiguration;
			buildSettings = {
				ALWAYS_SEARCH_USER_PATHS = NO;
				CLANG_ANALYZER_NONNULL = YES;
				CLANG_ANALYZER_NUMBER_OBJECT_CONVERSION = YES_AGGRESSIVE;
				CLANG_CXX_LANGUAGE_STANDARD = "gnu++20";
				CLANG_ENABLE_MODULES = YES;
				CLANG_ENABLE_OBJC_ARC = YES;
				CLANG_ENABLE_OBJC_WEAK = YES;
				CLANG_WARN_BLOCK_CAPTURE_AUTORELEASING = YES;
				CLANG_WARN_BOOL_CONVERSION = YES;
				CLANG_WARN_COMMA = YES;
				CLANG_WARN_CONSTANT_CONVERSION = YES;
				CLANG_WARN_DEPRECATED_OBJC_IMPLEMENTATIONS = YES;
				CLANG_WARN_DIRECT_OBJC_ISA_USAGE = YES_ERROR;
				CLANG_WARN_DOCUMENTATION_COMMENTS = YES;
				CLANG_WARN_EMPTY_BODY = YES;
				CLANG_WARN_ENUM_CONVERSION = YES;
				CLANG_WARN_INFINITE_RECURSION = YES;
				CLANG_WARN_INT_CONVERSION = YES;
				CLANG_WARN_NON_LITERAL_NULL_CONVERSION = YES;
				CLANG_WARN_OBJC_IMPLICIT_RETAIN_SELF = YES;
				CLANG_WARN_OBJC_LITERAL_CONVERSION = YES;
				CLANG_WARN_OBJC_ROOT_CLASS = YES_ERROR;
				CLANG_WARN_QUOTED_INCLUDE_IN_FRAMEWORK_HEADER = YES;
				CLANG_WARN_RANGE_LOOP_ANALYSIS = YES;
				CLANG_WARN_STRICT_PROTOTYPES = YES;
				CLANG_WARN_SUSPICIOUS_MOVE = YES;
				CLANG_WARN_UNGUARDED_AVAILABILITY = YES_AGGRESSIVE;
				CLANG_WARN_UNREACHABLE_CODE = YES;
				CLANG_WARN__DUPLICATE_METHOD_MATCH = YES;
				COPY_PHASE_STRIP = NO;
				DEBUG_INFORMATION_FORMAT = "dwarf-with-dsym";
				ENABLE_NS_ASSERTIONS = NO;
				ENABLE_STRICT_OBJC_MSGSEND = YES;
				GCC_C_LANGUAGE_STANDARD = gnu11;
				GCC_NO_COMMON_BLOCKS = YES;
				GCC_WARN_64_TO_32_BIT_CONVERSION = YES;
				GCC_WARN_ABOUT_RETURN_TYPE = YES_ERROR;
				GCC_WARN_UNDECLARED_SELECTOR = YES;
				GCC_WARN_UNINITIALIZED_AUTOS = YES_AGGRESSIVE;
				GCC_WARN_UNUSED_FUNCTION = YES;
				GCC_WARN_UNUSED_VARIABLE = YES;
				MTL_ENABLE_DEBUG_INFO = NO;
				MTL_FAST_MATH = YES;
				SWIFT_COMPILATION_MODE = wholemodule;
				SWIFT_OPTIMIZATION_LEVEL = "-O";
			};
			name = Release;
		};
		E9762FCC28F4740A003EC6A5 /* Debug */ = {
			isa = XCBuildConfiguration;
			buildSettings = {
				ASSETCATALOG_COMPILER_APPICON_NAME = AppIcon;
				ASSETCATALOG_COMPILER_GLOBAL_ACCENT_COLOR_NAME = AccentColor;
				CODE_SIGN_ENTITLEMENTS = Orcanaut/Orcanaut.entitlements;
				CODE_SIGN_STYLE = Automatic;
				CURRENT_PROJECT_VERSION = 1;
				DEVELOPMENT_ASSET_PATHS = "\"Orcanaut/Preview Content\"";
				DEVELOPMENT_TEAM = NR5474UX5R;
				ENABLE_PREVIEWS = YES;
				GENERATE_INFOPLIST_FILE = YES;
				INFOPLIST_FILE = Orcanaut/Info.plist;
				"INFOPLIST_KEY_UIApplicationSceneManifest_Generation[sdk=iphoneos*]" = YES;
				"INFOPLIST_KEY_UIApplicationSceneManifest_Generation[sdk=iphonesimulator*]" = YES;
				"INFOPLIST_KEY_UIApplicationSupportsIndirectInputEvents[sdk=iphoneos*]" = YES;
				"INFOPLIST_KEY_UIApplicationSupportsIndirectInputEvents[sdk=iphonesimulator*]" = YES;
				"INFOPLIST_KEY_UILaunchScreen_Generation[sdk=iphoneos*]" = YES;
				"INFOPLIST_KEY_UILaunchScreen_Generation[sdk=iphonesimulator*]" = YES;
				"INFOPLIST_KEY_UIStatusBarStyle[sdk=iphoneos*]" = UIStatusBarStyleDefault;
				"INFOPLIST_KEY_UIStatusBarStyle[sdk=iphonesimulator*]" = UIStatusBarStyleDefault;
				INFOPLIST_KEY_UISupportedInterfaceOrientations_iPad = "UIInterfaceOrientationPortrait UIInterfaceOrientationPortraitUpsideDown UIInterfaceOrientationLandscapeLeft UIInterfaceOrientationLandscapeRight";
				INFOPLIST_KEY_UISupportedInterfaceOrientations_iPhone = "UIInterfaceOrientationPortrait UIInterfaceOrientationLandscapeLeft UIInterfaceOrientationLandscapeRight";
				IPHONEOS_DEPLOYMENT_TARGET = 15.6;
				LD_RUNPATH_SEARCH_PATHS = "@executable_path/Frameworks";
				"LD_RUNPATH_SEARCH_PATHS[sdk=macosx*]" = "@executable_path/../Frameworks";
				MACOSX_DEPLOYMENT_TARGET = 12.3;
				MARKETING_VERSION = 1.0;
				PRODUCT_BUNDLE_IDENTIFIER = Pavel.Orcanaut;
				PRODUCT_NAME = "$(TARGET_NAME)";
				SDKROOT = auto;
				SUPPORTED_PLATFORMS = "iphoneos iphonesimulator macosx";
				SWIFT_EMIT_LOC_STRINGS = YES;
				SWIFT_VERSION = 5.0;
				TARGETED_DEVICE_FAMILY = "1,2";
			};
			name = Debug;
		};
		E9762FCD28F4740A003EC6A5 /* Release */ = {
			isa = XCBuildConfiguration;
			buildSettings = {
				ASSETCATALOG_COMPILER_APPICON_NAME = AppIcon;
				ASSETCATALOG_COMPILER_GLOBAL_ACCENT_COLOR_NAME = AccentColor;
				CODE_SIGN_ENTITLEMENTS = Orcanaut/Orcanaut.entitlements;
				CODE_SIGN_STYLE = Automatic;
				CURRENT_PROJECT_VERSION = 1;
				DEVELOPMENT_ASSET_PATHS = "\"Orcanaut/Preview Content\"";
				DEVELOPMENT_TEAM = NR5474UX5R;
				ENABLE_PREVIEWS = YES;
				GENERATE_INFOPLIST_FILE = YES;
				INFOPLIST_FILE = Orcanaut/Info.plist;
				"INFOPLIST_KEY_UIApplicationSceneManifest_Generation[sdk=iphoneos*]" = YES;
				"INFOPLIST_KEY_UIApplicationSceneManifest_Generation[sdk=iphonesimulator*]" = YES;
				"INFOPLIST_KEY_UIApplicationSupportsIndirectInputEvents[sdk=iphoneos*]" = YES;
				"INFOPLIST_KEY_UIApplicationSupportsIndirectInputEvents[sdk=iphonesimulator*]" = YES;
				"INFOPLIST_KEY_UILaunchScreen_Generation[sdk=iphoneos*]" = YES;
				"INFOPLIST_KEY_UILaunchScreen_Generation[sdk=iphonesimulator*]" = YES;
				"INFOPLIST_KEY_UIStatusBarStyle[sdk=iphoneos*]" = UIStatusBarStyleDefault;
				"INFOPLIST_KEY_UIStatusBarStyle[sdk=iphonesimulator*]" = UIStatusBarStyleDefault;
				INFOPLIST_KEY_UISupportedInterfaceOrientations_iPad = "UIInterfaceOrientationPortrait UIInterfaceOrientationPortraitUpsideDown UIInterfaceOrientationLandscapeLeft UIInterfaceOrientationLandscapeRight";
				INFOPLIST_KEY_UISupportedInterfaceOrientations_iPhone = "UIInterfaceOrientationPortrait UIInterfaceOrientationLandscapeLeft UIInterfaceOrientationLandscapeRight";
				IPHONEOS_DEPLOYMENT_TARGET = 15.6;
				LD_RUNPATH_SEARCH_PATHS = "@executable_path/Frameworks";
				"LD_RUNPATH_SEARCH_PATHS[sdk=macosx*]" = "@executable_path/../Frameworks";
				MACOSX_DEPLOYMENT_TARGET = 12.3;
				MARKETING_VERSION = 1.0;
				PRODUCT_BUNDLE_IDENTIFIER = Pavel.Orcanaut;
				PRODUCT_NAME = "$(TARGET_NAME)";
				SDKROOT = auto;
				SUPPORTED_PLATFORMS = "iphoneos iphonesimulator macosx";
				SWIFT_EMIT_LOC_STRINGS = YES;
				SWIFT_VERSION = 5.0;
				TARGETED_DEVICE_FAMILY = "1,2";
			};
			name = Release;
		};
		E9762FCF28F4740A003EC6A5 /* Debug */ = {
			isa = XCBuildConfiguration;
			buildSettings = {
				ALWAYS_EMBED_SWIFT_STANDARD_LIBRARIES = YES;
				BUNDLE_LOADER = "$(TEST_HOST)";
				CODE_SIGN_STYLE = Automatic;
				CURRENT_PROJECT_VERSION = 1;
				GENERATE_INFOPLIST_FILE = YES;
				IPHONEOS_DEPLOYMENT_TARGET = 16.0;
				MACOSX_DEPLOYMENT_TARGET = 12.3;
				MARKETING_VERSION = 1.0;
				PRODUCT_BUNDLE_IDENTIFIER = Pavel.OrcanautTests;
				PRODUCT_NAME = "$(TARGET_NAME)";
				SDKROOT = auto;
				SUPPORTED_PLATFORMS = "iphoneos iphonesimulator macosx";
				SWIFT_EMIT_LOC_STRINGS = NO;
				SWIFT_VERSION = 5.0;
				TARGETED_DEVICE_FAMILY = "1,2";
				TEST_HOST = "$(BUILT_PRODUCTS_DIR)/Orcanaut.app/$(BUNDLE_EXECUTABLE_FOLDER_PATH)/Orcanaut";
			};
			name = Debug;
		};
		E9762FD028F4740A003EC6A5 /* Release */ = {
			isa = XCBuildConfiguration;
			buildSettings = {
				ALWAYS_EMBED_SWIFT_STANDARD_LIBRARIES = YES;
				BUNDLE_LOADER = "$(TEST_HOST)";
				CODE_SIGN_STYLE = Automatic;
				CURRENT_PROJECT_VERSION = 1;
				GENERATE_INFOPLIST_FILE = YES;
				IPHONEOS_DEPLOYMENT_TARGET = 16.0;
				MACOSX_DEPLOYMENT_TARGET = 12.3;
				MARKETING_VERSION = 1.0;
				PRODUCT_BUNDLE_IDENTIFIER = Pavel.OrcanautTests;
				PRODUCT_NAME = "$(TARGET_NAME)";
				SDKROOT = auto;
				SUPPORTED_PLATFORMS = "iphoneos iphonesimulator macosx";
				SWIFT_EMIT_LOC_STRINGS = NO;
				SWIFT_VERSION = 5.0;
				TARGETED_DEVICE_FAMILY = "1,2";
				TEST_HOST = "$(BUILT_PRODUCTS_DIR)/Orcanaut.app/$(BUNDLE_EXECUTABLE_FOLDER_PATH)/Orcanaut";
			};
			name = Release;
		};
		E9762FD228F4740A003EC6A5 /* Debug */ = {
			isa = XCBuildConfiguration;
			buildSettings = {
				ALWAYS_EMBED_SWIFT_STANDARD_LIBRARIES = YES;
				CODE_SIGN_STYLE = Automatic;
				CURRENT_PROJECT_VERSION = 1;
				GENERATE_INFOPLIST_FILE = YES;
				IPHONEOS_DEPLOYMENT_TARGET = 16.0;
				MACOSX_DEPLOYMENT_TARGET = 12.3;
				MARKETING_VERSION = 1.0;
				PRODUCT_BUNDLE_IDENTIFIER = Pavel.OrcanautUITests;
				PRODUCT_NAME = "$(TARGET_NAME)";
				SDKROOT = auto;
				SUPPORTED_PLATFORMS = "iphoneos iphonesimulator macosx";
				SWIFT_EMIT_LOC_STRINGS = NO;
				SWIFT_VERSION = 5.0;
				TARGETED_DEVICE_FAMILY = "1,2";
				TEST_TARGET_NAME = Orcanaut;
			};
			name = Debug;
		};
		E9762FD328F4740A003EC6A5 /* Release */ = {
			isa = XCBuildConfiguration;
			buildSettings = {
				ALWAYS_EMBED_SWIFT_STANDARD_LIBRARIES = YES;
				CODE_SIGN_STYLE = Automatic;
				CURRENT_PROJECT_VERSION = 1;
				GENERATE_INFOPLIST_FILE = YES;
				IPHONEOS_DEPLOYMENT_TARGET = 16.0;
				MACOSX_DEPLOYMENT_TARGET = 12.3;
				MARKETING_VERSION = 1.0;
				PRODUCT_BUNDLE_IDENTIFIER = Pavel.OrcanautUITests;
				PRODUCT_NAME = "$(TARGET_NAME)";
				SDKROOT = auto;
				SUPPORTED_PLATFORMS = "iphoneos iphonesimulator macosx";
				SWIFT_EMIT_LOC_STRINGS = NO;
				SWIFT_VERSION = 5.0;
				TARGETED_DEVICE_FAMILY = "1,2";
				TEST_TARGET_NAME = Orcanaut;
			};
			name = Release;
		};
/* End XCBuildConfiguration section */

/* Begin XCConfigurationList section */
		E9762FA128F47409003EC6A5 /* Build configuration list for PBXProject "Orcanaut" */ = {
			isa = XCConfigurationList;
			buildConfigurations = (
				E9762FC928F4740A003EC6A5 /* Debug */,
				E9762FCA28F4740A003EC6A5 /* Release */,
			);
			defaultConfigurationIsVisible = 0;
			defaultConfigurationName = Release;
		};
		E9762FCB28F4740A003EC6A5 /* Build configuration list for PBXNativeTarget "Orcanaut" */ = {
			isa = XCConfigurationList;
			buildConfigurations = (
				E9762FCC28F4740A003EC6A5 /* Debug */,
				E9762FCD28F4740A003EC6A5 /* Release */,
			);
			defaultConfigurationIsVisible = 0;
			defaultConfigurationName = Release;
		};
		E9762FCE28F4740A003EC6A5 /* Build configuration list for PBXNativeTarget "OrcanautTests" */ = {
			isa = XCConfigurationList;
			buildConfigurations = (
				E9762FCF28F4740A003EC6A5 /* Debug */,
				E9762FD028F4740A003EC6A5 /* Release */,
			);
			defaultConfigurationIsVisible = 0;
			defaultConfigurationName = Release;
		};
		E9762FD128F4740A003EC6A5 /* Build configuration list for PBXNativeTarget "OrcanautUITests" */ = {
			isa = XCConfigurationList;
			buildConfigurations = (
				E9762FD228F4740A003EC6A5 /* Debug */,
				E9762FD328F4740A003EC6A5 /* Release */,
			);
			defaultConfigurationIsVisible = 0;
			defaultConfigurationName = Release;
		};
/* End XCConfigurationList section */
	};
	rootObject = E9762F9E28F47409003EC6A5 /* Project object */;
}
